
Microsoft Visual Studio Solution File, Format Version 10.00
# Visual Studio 2008
Project("{8BC9CEB8-8B4A-11D0-8D11-00A0C91BC942}") = "iThink", "iThink.vcproj", "{AB42E439-39EF-37BF-953F-A65628D1DB64}"
EndProject
Global
	GlobalSection(SolutionConfigurationPlatforms) = preSolution
		Debug|Win32 = Debug|Win32
		Release|Win32 = Release|Win32
	EndGlobalSection
	GlobalSection(ProjectConfigurationPlatforms) = postSolution
		{AB42E439-39EF-37BF-953F-A65628D1DB64}.Debug|Win32.ActiveCfg = Debug|Win32
		{AB42E439-39EF-37BF-953F-A65628D1DB64}.Debug|Win32.Build.0 = Debug|Win32
		{AB42E439-39EF-37BF-953F-A65628D1DB64}.Release|Win32.ActiveCfg = Release|Win32
		{AB42E439-39EF-37BF-953F-A65628D1DB64}.Release|Win32.Build.0 = Release|Win32
	EndGlobalSection
	GlobalSection(SolutionProperties) = preSolution
		HideSolutionNode = FALSE
	EndGlobalSection
EndGlobal
